PODS:
  - PBJVideoPlayer (0.2.0)
  - SDWebImage (3.7.2):
    - SDWebImage/Core (= 3.7.2)
  - SDWebImage/Core (3.7.2)

DEPENDENCIES:
  - PBJVideoPlayer
  - SDWebImage (~> 3.7.2)

SPEC CHECKSUMS:
  PBJVideoPlayer: 60e8601398ba0fc1e38c431863c9222b4f4b7153
  SDWebImage: 71b7cdc1d1721d6a82ed62889030225f2c249e29

COCOAPODS: 0.37.2
